
Microsoft Visual Studio Solution File, Format Version 12.00
# Visual Studio Version 17
VisualStudioVersion = 17.13.35828.75 d17.13
MinimumVisualStudioVersion = 10.0.40219.1
Project("{FAE04EC0-301F-11D3-BF4B-00C04F79EFBC}") = "SocialPostsAPI", "SocialPostsAPI\SocialPostsAPI.csproj", "{B29834AD-3865-41F2-B0AC-A90D3F2AF0F1}"
EndProject
Global
	GlobalSection(SolutionConfigurationPlatforms) = preSolution
		Debug|Any CPU = Debug|Any CPU
		Release|Any CPU = Release|Any CPU
	EndGlobalSection
	GlobalSection(ProjectConfigurationPlatforms) = postSolution
		{B29834AD-3865-41F2-B0AC-A90D3F2AF0F1}.Debug|Any CPU.ActiveCfg = Debug|Any CPU
		{B29834AD-3865-41F2-B0AC-A90D3F2AF0F1}.Debug|Any CPU.Build.0 = Debug|Any CPU
		{B29834AD-3865-41F2-B0AC-A90D3F2AF0F1}.Release|Any CPU.ActiveCfg = Release|Any CPU
		{B29834AD-3865-41F2-B0AC-A90D3F2AF0F1}.Release|Any CPU.Build.0 = Release|Any CPU
	EndGlobalSection
	GlobalSection(SolutionProperties) = preSolution
		HideSolutionNode = FALSE
	EndGlobalSection
	GlobalSection(ExtensibilityGlobals) = postSolution
		SolutionGuid = {D2895C0D-CA47-499B-B680-8A7A0B7E1B69}
	EndGlobalSection
EndGlobal
